# THIS IS AN AUTOGENERATED FILE. DO NOT EDIT THIS FILE DIRECTLY.
# yarn lockfile v1


delegate@3.1.3:
  version "3.1.3"
  resolved "https://registry.yarnpkg.com/delegate/-/delegate-3.1.3.tgz#9a8251a777d7025faa55737bc3b071742127a9fd"
  integrity sha1-moJRp3fXAl+qVXN7w7BxdCEnqf0=

jquery@^3.1.1:
  version "3.5.1"
  resolved "https://registry.yarnpkg.com/jquery/-/jquery-3.5.1.tgz#d7b4d08e1bfdb86ad2f1a3d039ea17304717abb5"
  integrity sha512-XwIBPqcMn57FxfT+Go5pzySnm4KWkT1Tv7gjrpT1srtf8Weynl6R273VJ5GjkRb51IzMp5nbaPjJXMWeju2MKg==

opencollective-postinstall@^2.0.2:
  version "2.0.3"
  resolved "https://registry.yarnpkg.com/opencollective-postinstall/-/opencollective-postinstall-2.0.3.tgz#7a0fff978f6dbfa4d006238fbac98ed4198c3259"
  integrity sha512-8AV/sCtuzUeTo8gQK5qDZzARrulB3egtLzFgteqB2tcT4Mw7B8Kt7JcDHmltjz6FOAHsvTevk70gZEbhM4ZS9Q==

swup@^2.0.14:
  version "2.0.14"
  resolved "https://registry.yarnpkg.com/swup/-/swup-2.0.14.tgz#17cd68eb487faf2553f1e06bd1d1cb84064de8b9"
  integrity sha512-a+Ihye+rTOwyW7T/vJYwGEKy9kJwc4twwlBryoKZY6WNutQOdpWUKmCkJdvkrDNIqBAvIqpsGUW1NJvoxZxP8w==
  dependencies:
    delegate "3.1.3"
    opencollective-postinstall "^2.0.2"

tilt.js@^1.2.1:
  version "1.2.1"
  resolved "https://registry.yarnpkg.com/tilt.js/-/tilt.js-1.2.1.tgz#7d140ecb06744192815735e538b02739fe24d92f"
  integrity sha512-IGRh3FJbq6BRH2ETb2KxDWont2k740oR+0QMs39QVkjnr7QmA6L1VzSKsOLgFXg5QNtHyRKp7vzFoJCYxgzsJA==
  dependencies:
    jquery "^3.1.1"
